
Microsoft Visual Studio Solution File, Format Version 12.00
# Visual Studio Version 16
VisualStudioVersion = 16.0.31129.286
MinimumVisualStudioVersion = 10.0.40219.1
Project("{FAE04EC0-301F-11D3-BF4B-00C04F79EFBC}") = "DurableFuctionExample", "DurableFuctionExample\DurableFuctionExample.csproj", "{3C66B35D-C762-4D01-B763-9AB2DC1E4A5F}"
EndProject
Global
	GlobalSection(SolutionConfigurationPlatforms) = preSolution
		Debug|Any CPU = Debug|Any CPU
		Release|Any CPU = Release|Any CPU
	EndGlobalSection
	GlobalSection(ProjectConfigurationPlatforms) = postSolution
		{3C66B35D-C762-4D01-B763-9AB2DC1E4A5F}.Debug|Any CPU.ActiveCfg = Debug|Any CPU
		{3C66B35D-C762-4D01-B763-9AB2DC1E4A5F}.Debug|Any CPU.Build.0 = Debug|Any CPU
		{3C66B35D-C762-4D01-B763-9AB2DC1E4A5F}.Release|Any CPU.ActiveCfg = Release|Any CPU
		{3C66B35D-C762-4D01-B763-9AB2DC1E4A5F}.Release|Any CPU.Build.0 = Release|Any CPU
	EndGlobalSection
	GlobalSection(SolutionProperties) = preSolution
		HideSolutionNode = FALSE
	EndGlobalSection
	GlobalSection(ExtensibilityGlobals) = postSolution
		SolutionGuid = {FD6A211E-E9BD-49D8-9BCB-65D8529BA904}
	EndGlobalSection
EndGlobal
